
Microsoft Visual Studio Solution File, Format Version 12.00
# Visual Studio Version 17
VisualStudioVersion = 17.2.32630.192
MinimumVisualStudioVersion = 10.0.40219.1
Project("{9A19103F-16F7-4668-BE54-9A1E7A4F7556}") = "Lab-2.Task1", "Lab-2.Task1\Lab-2.Task1.csproj", "{3657FDCC-3E33-4F4A-B0C8-0B20496D3D80}"
EndProject
Project("{9A19103F-16F7-4668-BE54-9A1E7A4F7556}") = "Lab-2.Task2", "Lab-2.Task2\Lab-2.Task2.csproj", "{53FDEA7F-CFE1-4450-A0E0-74AEAB9833E6}"
EndProject
Project("{FAE04EC0-301F-11D3-BF4B-00C04F79EFBC}") = "Lab-2.Task3", "Lab-2.Task3\Lab-2.Task3.csproj", "{47F60BD3-C823-48A2-8697-02C0C1021211}"
EndProject
Global
	GlobalSection(SolutionConfigurationPlatforms) = preSolution
		Debug|Any CPU = Debug|Any CPU
		Release|Any CPU = Release|Any CPU
	EndGlobalSection
	GlobalSection(ProjectConfigurationPlatforms) = postSolution
		{3657FDCC-3E33-4F4A-B0C8-0B20496D3D80}.Debug|Any CPU.ActiveCfg = Debug|Any CPU
		{3657FDCC-3E33-4F4A-B0C8-0B20496D3D80}.Debug|Any CPU.Build.0 = Debug|Any CPU
		{3657FDCC-3E33-4F4A-B0C8-0B20496D3D80}.Release|Any CPU.ActiveCfg = Release|Any CPU
		{3657FDCC-3E33-4F4A-B0C8-0B20496D3D80}.Release|Any CPU.Build.0 = Release|Any CPU
		{53FDEA7F-CFE1-4450-A0E0-74AEAB9833E6}.Debug|Any CPU.ActiveCfg = Debug|Any CPU
		{53FDEA7F-CFE1-4450-A0E0-74AEAB9833E6}.Debug|Any CPU.Build.0 = Debug|Any CPU
		{53FDEA7F-CFE1-4450-A0E0-74AEAB9833E6}.Release|Any CPU.ActiveCfg = Release|Any CPU
		{53FDEA7F-CFE1-4450-A0E0-74AEAB9833E6}.Release|Any CPU.Build.0 = Release|Any CPU
		{47F60BD3-C823-48A2-8697-02C0C1021211}.Debug|Any CPU.ActiveCfg = Debug|Any CPU
		{47F60BD3-C823-48A2-8697-02C0C1021211}.Debug|Any CPU.Build.0 = Debug|Any CPU
		{47F60BD3-C823-48A2-8697-02C0C1021211}.Release|Any CPU.ActiveCfg = Release|Any CPU
		{47F60BD3-C823-48A2-8697-02C0C1021211}.Release|Any CPU.Build.0 = Release|Any CPU
	EndGlobalSection
	GlobalSection(SolutionProperties) = preSolution
		HideSolutionNode = FALSE
	EndGlobalSection
	GlobalSection(ExtensibilityGlobals) = postSolution
		SolutionGuid = {CE45D365-1400-41D6-9D38-A9E693F80567}
	EndGlobalSection
EndGlobal
